
Microsoft Visual Studio Solution File, Format Version 12.00
# Visual Studio 15
VisualStudioVersion = 15.0.27703.2000
MinimumVisualStudioVersion = 10.0.40219.1
Project("{FAE04EC0-301F-11D3-BF4B-00C04F79EFBC}") = "Snooper", "Snooper\Snooper.csproj", "{3A16420B-2BC3-4A65-9948-689CF7132E93}"
EndProject
Project("{FAE04EC0-301F-11D3-BF4B-00C04F79EFBC}") = "SkyTools", "SkyTools\src\SkyTools\SkyTools.csproj", "{F83D96EF-857A-4AA4-8C23-7D258DAD777D}"
EndProject
Global
	GlobalSection(SolutionConfigurationPlatforms) = preSolution
		Debug|x64 = Debug|x64
		Release|x64 = Release|x64
	EndGlobalSection
	GlobalSection(ProjectConfigurationPlatforms) = postSolution
		{3A16420B-2BC3-4A65-9948-689CF7132E93}.Debug|x64.ActiveCfg = Debug|x64
		{3A16420B-2BC3-4A65-9948-689CF7132E93}.Debug|x64.Build.0 = Debug|x64
		{3A16420B-2BC3-4A65-9948-689CF7132E93}.Release|x64.ActiveCfg = Release|x64
		{3A16420B-2BC3-4A65-9948-689CF7132E93}.Release|x64.Build.0 = Release|x64
		{F83D96EF-857A-4AA4-8C23-7D258DAD777D}.Debug|x64.ActiveCfg = Debug|x64
		{F83D96EF-857A-4AA4-8C23-7D258DAD777D}.Debug|x64.Build.0 = Debug|x64
		{F83D96EF-857A-4AA4-8C23-7D258DAD777D}.Release|x64.ActiveCfg = Release|x64
		{F83D96EF-857A-4AA4-8C23-7D258DAD777D}.Release|x64.Build.0 = Release|x64
	EndGlobalSection
	GlobalSection(SolutionProperties) = preSolution
		HideSolutionNode = FALSE
	EndGlobalSection
	GlobalSection(ExtensibilityGlobals) = postSolution
		SolutionGuid = {7AB9F6EA-7CAE-4CB0-849D-63673C3B73F5}
	EndGlobalSection
EndGlobal
