
Microsoft Visual Studio Solution File, Format Version 12.00
# Visual Studio Version 16
VisualStudioVersion = 16.0.29920.165
MinimumVisualStudioVersion = 10.0.40219.1
Project("{9A19103F-16F7-4668-BE54-9A1E7A4F7556}") = "Snooper", "Snooper\Snooper.csproj", "{3A16420B-2BC3-4A65-9948-689CF7132E93}"
EndProject
Project("{2150E333-8FDC-42A3-9474-1A3956D46DE8}") = "Infrastructure", "Infrastructure", "{EBFFF8DD-CAF2-45D4-93F0-511267757FC7}"
	ProjectSection(SolutionItems) = preProject
		.editorconfig = .editorconfig
		Directory.Build.props = Directory.Build.props
		GitVersion.yml = GitVersion.yml
		stylecop.json = stylecop.json
	EndProjectSection
EndProject
Global
	GlobalSection(SolutionConfigurationPlatforms) = preSolution
		Debug|Any CPU = Debug|Any CPU
		Release|Any CPU = Release|Any CPU
	EndGlobalSection
	GlobalSection(ProjectConfigurationPlatforms) = postSolution
		{3A16420B-2BC3-4A65-9948-689CF7132E93}.Debug|Any CPU.ActiveCfg = Debug|Any CPU
		{3A16420B-2BC3-4A65-9948-689CF7132E93}.Debug|Any CPU.Build.0 = Debug|Any CPU
		{3A16420B-2BC3-4A65-9948-689CF7132E93}.Release|Any CPU.ActiveCfg = Release|Any CPU
		{3A16420B-2BC3-4A65-9948-689CF7132E93}.Release|Any CPU.Build.0 = Release|Any CPU
	EndGlobalSection
	GlobalSection(SolutionProperties) = preSolution
		HideSolutionNode = FALSE
	EndGlobalSection
	GlobalSection(ExtensibilityGlobals) = postSolution
		SolutionGuid = {7AB9F6EA-7CAE-4CB0-849D-63673C3B73F5}
	EndGlobalSection
EndGlobal
